{
  "nodes": {
    "nixpkgs": {
      "locked": {
        "lastModified": 0,
        "narHash": "sha256-1u9SDLXvKix/QejNb2sY2J2QZXnbe/14MnLtn+ln9j0=",
        "path": "/nix/store/k15pfq5hmrpxyyg9cni3az7a8z11vmaa-source",
        "type": "path"
      },
      "original": {
        "id": "nixpkgs",
        "type": "indirect"
      }
    },
    "root": {
      "inputs": {
        "nixpkgs": "nixpkgs"
      }
    }
  },
  "root": "root",
  "version": 7
}
